
Microsoft Visual Studio Solution File, Format Version 12.00
# Visual Studio Version 16
VisualStudioVersion = 16.0.32602.291
MinimumVisualStudioVersion = 10.0.40219.1
Project("{2150E333-8FDC-42A3-9474-1A3956D46DE8}") = "1. CLang", "1. CLang", "{F18C1B02-5ED1-4D90-9C4B-08770F26C260}"
EndProject
Project("{8BC9CEB8-8B4A-11D0-8D11-00A0C91BC942}") = "HanoiTower", "HanoiTower\HanoiTower.vcxproj", "{1C6419E8-96A0-4BFD-B8B8-BE47A0C055B7}"
EndProject
Project("{8BC9CEB8-8B4A-11D0-8D11-00A0C91BC942}") = "MagicSquare", "MagicSquare\MagicSquare.vcxproj", "{C715AD3C-55DD-43FD-A845-70BC6B71CA81}"
EndProject
Project("{8BC9CEB8-8B4A-11D0-8D11-00A0C91BC942}") = "Diamond", "Diamond\C_Lang_0.vcxproj", "{BC3BD462-306C-406A-81A3-B1A6B5C6CC10}"
EndProject
Project("{2150E333-8FDC-42A3-9474-1A3956D46DE8}") = "2. DataStructure", "2. DataStructure", "{900F76E2-14F2-4D02-ABEE-AE90258A7EA0}"
EndProject
Project("{8BC9CEB8-8B4A-11D0-8D11-00A0C91BC942}") = "JosephsProblem", "JosephsProblem\JosephsProblem.vcxproj", "{BB4FCEF2-73D1-47FC-9379-AF1E1815DF85}"
EndProject
Project("{2150E333-8FDC-42A3-9474-1A3956D46DE8}") = "0. GameBasicProgramming Project", "0. GameBasicProgramming Project", "{A691CAAF-BFA9-4F1B-AB53-E14191419062}"
EndProject
Project("{8BC9CEB8-8B4A-11D0-8D11-00A0C91BC942}") = "GenericDatabaseSystem", "GenericDatabaseSystem\GenericDatabaseSystem.vcxproj", "{C28A685E-8BB9-40BE-9B59-CF8F4895CA04}"
EndProject
Project("{8BC9CEB8-8B4A-11D0-8D11-00A0C91BC942}") = "CustomLinkedList", "CustomLinkedList\CustomLinkedList.vcxproj", "{9812F42C-0901-43A5-87B6-906BCB9C19B3}"
EndProject
Project("{2150E333-8FDC-42A3-9474-1A3956D46DE8}") = "4. Sort", "4. Sort", "{4BE2647B-5DC0-4787-AC30-C8324D9F4418}"
EndProject
Project("{8BC9CEB8-8B4A-11D0-8D11-00A0C91BC942}") = "Insert", "Insert\Insert.vcxproj", "{B0B25437-B2F3-4647-8567-0A8E9A2C9185}"
EndProject
Project("{8BC9CEB8-8B4A-11D0-8D11-00A0C91BC942}") = "Bubble", "Bubble\Bubble.vcxproj", "{51CF93E9-77E5-487D-ADB3-61BAA0D2C493}"
EndProject
Project("{8BC9CEB8-8B4A-11D0-8D11-00A0C91BC942}") = "Selection", "Selection\Selection.vcxproj", "{215F1C43-B3D5-4F0D-A4CD-8A8BC31BC97D}"
EndProject
Project("{8BC9CEB8-8B4A-11D0-8D11-00A0C91BC942}") = "Shell", "Shell\Shell.vcxproj", "{B83363C9-AC40-4770-9A61-C03679B20C7D}"
EndProject
Project("{8BC9CEB8-8B4A-11D0-8D11-00A0C91BC942}") = "Merge", "Merge\Merge.vcxproj", "{9EA6D155-8952-418E-924A-465DDCAC5BA2}"
EndProject
Project("{8BC9CEB8-8B4A-11D0-8D11-00A0C91BC942}") = "Quick", "Quick\Quick.vcxproj", "{2F6BAA22-5432-4C0B-883A-7124C63702EE}"
EndProject
Project("{8BC9CEB8-8B4A-11D0-8D11-00A0C91BC942}") = "Heap", "Heap\Heap.vcxproj", "{D5826D83-9F4F-4BA2-B785-13C26C2E85AC}"
EndProject
Project("{8BC9CEB8-8B4A-11D0-8D11-00A0C91BC942}") = "CustomArray", "CustomArray\CustomArray.vcxproj", "{B33AE3DA-4CD9-48A9-9378-B11562650F6F}"
EndProject
Project("{2150E333-8FDC-42A3-9474-1A3956D46DE8}") = "3. LinkedList", "3. LinkedList", "{68825DF0-058C-4630-B5CA-5204BC359702}"
EndProject
Project("{8BC9CEB8-8B4A-11D0-8D11-00A0C91BC942}") = "CustomTree", "CustomTree\CustomTree.vcxproj", "{0974E3F5-32E2-4F74-BF09-9D16C02B120C}"
EndProject
Project("{8BC9CEB8-8B4A-11D0-8D11-00A0C91BC942}") = "CustomBinarySearchTree", "CustomBinarySearchTree\CustomBinarySearchTree.vcxproj", "{81AE0DE2-C9AD-4CE7-A135-CDFE32517489}"
EndProject
Project("{8BC9CEB8-8B4A-11D0-8D11-00A0C91BC942}") = "CustomAVLTree", "CustomAVLTree\CustomAVLTree.vcxproj", "{42E83540-3390-43F0-BDF1-B05FB36C6FBF}"
EndProject
Project("{8BC9CEB8-8B4A-11D0-8D11-00A0C91BC942}") = "CustomRedBlackTree", "CustomRedBlackTree\CustomRedBlackTree.vcxproj", "{9F627D17-1B57-49A9-9515-6A371A8C4176}"
EndProject
Project("{8BC9CEB8-8B4A-11D0-8D11-00A0C91BC942}") = "CustomHashTable", "CustomHashTable\CustomHashTable.vcxproj", "{4FA45B20-A9F8-499B-B428-BD620364B862}"
EndProject
Project("{8BC9CEB8-8B4A-11D0-8D11-00A0C91BC942}") = "QuadTree", "QuadTree\QuadTree.vcxproj", "{AD8D7D49-E8AF-47EF-924B-42F4ED77AD7C}"
EndProject
Global
	GlobalSection(SolutionConfigurationPlatforms) = preSolution
		Debug|x64 = Debug|x64
		Debug|x86 = Debug|x86
		Release|x64 = Release|x64
		Release|x86 = Release|x86
	EndGlobalSection
	GlobalSection(ProjectConfigurationPlatforms) = postSolution
		{1C6419E8-96A0-4BFD-B8B8-BE47A0C055B7}.Debug|x64.ActiveCfg = Debug|x64
		{1C6419E8-96A0-4BFD-B8B8-BE47A0C055B7}.Debug|x64.Build.0 = Debug|x64
		{1C6419E8-96A0-4BFD-B8B8-BE47A0C055B7}.Debug|x86.ActiveCfg = Debug|Win32
		{1C6419E8-96A0-4BFD-B8B8-BE47A0C055B7}.Debug|x86.Build.0 = Debug|Win32
		{1C6419E8-96A0-4BFD-B8B8-BE47A0C055B7}.Release|x64.ActiveCfg = Release|x64
		{1C6419E8-96A0-4BFD-B8B8-BE47A0C055B7}.Release|x64.Build.0 = Release|x64
		{1C6419E8-96A0-4BFD-B8B8-BE47A0C055B7}.Release|x86.ActiveCfg = Release|Win32
		{1C6419E8-96A0-4BFD-B8B8-BE47A0C055B7}.Release|x86.Build.0 = Release|Win32
		{C715AD3C-55DD-43FD-A845-70BC6B71CA81}.Debug|x64.ActiveCfg = Debug|x64
		{C715AD3C-55DD-43FD-A845-70BC6B71CA81}.Debug|x64.Build.0 = Debug|x64
		{C715AD3C-55DD-43FD-A845-70BC6B71CA81}.Debug|x86.ActiveCfg = Debug|Win32
		{C715AD3C-55DD-43FD-A845-70BC6B71CA81}.Debug|x86.Build.0 = Debug|Win32
		{C715AD3C-55DD-43FD-A845-70BC6B71CA81}.Release|x64.ActiveCfg = Release|x64
		{C715AD3C-55DD-43FD-A845-70BC6B71CA81}.Release|x64.Build.0 = Release|x64
		{C715AD3C-55DD-43FD-A845-70BC6B71CA81}.Release|x86.ActiveCfg = Release|Win32
		{C715AD3C-55DD-43FD-A845-70BC6B71CA81}.Release|x86.Build.0 = Release|Win32
		{BC3BD462-306C-406A-81A3-B1A6B5C6CC10}.Debug|x64.ActiveCfg = Debug|x64
		{BC3BD462-306C-406A-81A3-B1A6B5C6CC10}.Debug|x64.Build.0 = Debug|x64
		{BC3BD462-306C-406A-81A3-B1A6B5C6CC10}.Debug|x86.ActiveCfg = Debug|Win32
		{BC3BD462-306C-406A-81A3-B1A6B5C6CC10}.Debug|x86.Build.0 = Debug|Win32
		{BC3BD462-306C-406A-81A3-B1A6B5C6CC10}.Release|x64.ActiveCfg = Release|x64
		{BC3BD462-306C-406A-81A3-B1A6B5C6CC10}.Release|x64.Build.0 = Release|x64
		{BC3BD462-306C-406A-81A3-B1A6B5C6CC10}.Release|x86.ActiveCfg = Release|Win32
		{BC3BD462-306C-406A-81A3-B1A6B5C6CC10}.Release|x86.Build.0 = Release|Win32
		{BB4FCEF2-73D1-47FC-9379-AF1E1815DF85}.Debug|x64.ActiveCfg = Debug|x64
		{BB4FCEF2-73D1-47FC-9379-AF1E1815DF85}.Debug|x64.Build.0 = Debug|x64
		{BB4FCEF2-73D1-47FC-9379-AF1E1815DF85}.Debug|x86.ActiveCfg = Debug|Win32
		{BB4FCEF2-73D1-47FC-9379-AF1E1815DF85}.Debug|x86.Build.0 = Debug|Win32
		{BB4FCEF2-73D1-47FC-9379-AF1E1815DF85}.Release|x64.ActiveCfg = Release|x64
		{BB4FCEF2-73D1-47FC-9379-AF1E1815DF85}.Release|x64.Build.0 = Release|x64
		{BB4FCEF2-73D1-47FC-9379-AF1E1815DF85}.Release|x86.ActiveCfg = Release|Win32
		{BB4FCEF2-73D1-47FC-9379-AF1E1815DF85}.Release|x86.Build.0 = Release|Win32
		{C28A685E-8BB9-40BE-9B59-CF8F4895CA04}.Debug|x64.ActiveCfg = Debug|x64
		{C28A685E-8BB9-40BE-9B59-CF8F4895CA04}.Debug|x64.Build.0 = Debug|x64
		{C28A685E-8BB9-40BE-9B59-CF8F4895CA04}.Debug|x86.ActiveCfg = Debug|Win32
		{C28A685E-8BB9-40BE-9B59-CF8F4895CA04}.Debug|x86.Build.0 = Debug|Win32
		{C28A685E-8BB9-40BE-9B59-CF8F4895CA04}.Release|x64.ActiveCfg = Release|x64
		{C28A685E-8BB9-40BE-9B59-CF8F4895CA04}.Release|x64.Build.0 = Release|x64
		{C28A685E-8BB9-40BE-9B59-CF8F4895CA04}.Release|x86.ActiveCfg = Release|Win32
		{C28A685E-8BB9-40BE-9B59-CF8F4895CA04}.Release|x86.Build.0 = Release|Win32
		{9812F42C-0901-43A5-87B6-906BCB9C19B3}.Debug|x64.ActiveCfg = Debug|x64
		{9812F42C-0901-43A5-87B6-906BCB9C19B3}.Debug|x64.Build.0 = Debug|x64
		{9812F42C-0901-43A5-87B6-906BCB9C19B3}.Debug|x86.ActiveCfg = Debug|Win32
		{9812F42C-0901-43A5-87B6-906BCB9C19B3}.Debug|x86.Build.0 = Debug|Win32
		{9812F42C-0901-43A5-87B6-906BCB9C19B3}.Release|x64.ActiveCfg = Release|x64
		{9812F42C-0901-43A5-87B6-906BCB9C19B3}.Release|x64.Build.0 = Release|x64
		{9812F42C-0901-43A5-87B6-906BCB9C19B3}.Release|x86.ActiveCfg = Release|Win32
		{9812F42C-0901-43A5-87B6-906BCB9C19B3}.Release|x86.Build.0 = Release|Win32
		{B0B25437-B2F3-4647-8567-0A8E9A2C9185}.Debug|x64.ActiveCfg = Debug|x64
		{B0B25437-B2F3-4647-8567-0A8E9A2C9185}.Debug|x64.Build.0 = Debug|x64
		{B0B25437-B2F3-4647-8567-0A8E9A2C9185}.Debug|x86.ActiveCfg = Debug|Win32
		{B0B25437-B2F3-4647-8567-0A8E9A2C9185}.Debug|x86.Build.0 = Debug|Win32
		{B0B25437-B2F3-4647-8567-0A8E9A2C9185}.Release|x64.ActiveCfg = Release|x64
		{B0B25437-B2F3-4647-8567-0A8E9A2C9185}.Release|x64.Build.0 = Release|x64
		{B0B25437-B2F3-4647-8567-0A8E9A2C9185}.Release|x86.ActiveCfg = Release|Win32
		{B0B25437-B2F3-4647-8567-0A8E9A2C9185}.Release|x86.Build.0 = Release|Win32
		{51CF93E9-77E5-487D-ADB3-61BAA0D2C493}.Debug|x64.ActiveCfg = Debug|x64
		{51CF93E9-77E5-487D-ADB3-61BAA0D2C493}.Debug|x64.Build.0 = Debug|x64
		{51CF93E9-77E5-487D-ADB3-61BAA0D2C493}.Debug|x86.ActiveCfg = Debug|Win32
		{51CF93E9-77E5-487D-ADB3-61BAA0D2C493}.Debug|x86.Build.0 = Debug|Win32
		{51CF93E9-77E5-487D-ADB3-61BAA0D2C493}.Release|x64.ActiveCfg = Release|x64
		{51CF93E9-77E5-487D-ADB3-61BAA0D2C493}.Release|x64.Build.0 = Release|x64
		{51CF93E9-77E5-487D-ADB3-61BAA0D2C493}.Release|x86.ActiveCfg = Release|Win32
		{51CF93E9-77E5-487D-ADB3-61BAA0D2C493}.Release|x86.Build.0 = Release|Win32
		{215F1C43-B3D5-4F0D-A4CD-8A8BC31BC97D}.Debug|x64.ActiveCfg = Debug|x64
		{215F1C43-B3D5-4F0D-A4CD-8A8BC31BC97D}.Debug|x64.Build.0 = Debug|x64
		{215F1C43-B3D5-4F0D-A4CD-8A8BC31BC97D}.Debug|x86.ActiveCfg = Debug|Win32
		{215F1C43-B3D5-4F0D-A4CD-8A8BC31BC97D}.Debug|x86.Build.0 = Debug|Win32
		{215F1C43-B3D5-4F0D-A4CD-8A8BC31BC97D}.Release|x64.ActiveCfg = Release|x64
		{215F1C43-B3D5-4F0D-A4CD-8A8BC31BC97D}.Release|x64.Build.0 = Release|x64
		{215F1C43-B3D5-4F0D-A4CD-8A8BC31BC97D}.Release|x86.ActiveCfg = Release|Win32
		{215F1C43-B3D5-4F0D-A4CD-8A8BC31BC97D}.Release|x86.Build.0 = Release|Win32
		{B83363C9-AC40-4770-9A61-C03679B20C7D}.Debug|x64.ActiveCfg = Debug|x64
		{B83363C9-AC40-4770-9A61-C03679B20C7D}.Debug|x64.Build.0 = Debug|x64
		{B83363C9-AC40-4770-9A61-C03679B20C7D}.Debug|x86.ActiveCfg = Debug|Win32
		{B83363C9-AC40-4770-9A61-C03679B20C7D}.Debug|x86.Build.0 = Debug|Win32
		{B83363C9-AC40-4770-9A61-C03679B20C7D}.Release|x64.ActiveCfg = Release|x64
		{B83363C9-AC40-4770-9A61-C03679B20C7D}.Release|x64.Build.0 = Release|x64
		{B83363C9-AC40-4770-9A61-C03679B20C7D}.Release|x86.ActiveCfg = Release|Win32
		{B83363C9-AC40-4770-9A61-C03679B20C7D}.Release|x86.Build.0 = Release|Win32
		{9EA6D155-8952-418E-924A-465DDCAC5BA2}.Debug|x64.ActiveCfg = Debug|x64
		{9EA6D155-8952-418E-924A-465DDCAC5BA2}.Debug|x64.Build.0 = Debug|x64
		{9EA6D155-8952-418E-924A-465DDCAC5BA2}.Debug|x86.ActiveCfg = Debug|Win32
		{9EA6D155-8952-418E-924A-465DDCAC5BA2}.Debug|x86.Build.0 = Debug|Win32
		{9EA6D155-8952-418E-924A-465DDCAC5BA2}.Release|x64.ActiveCfg = Release|x64
		{9EA6D155-8952-418E-924A-465DDCAC5BA2}.Release|x64.Build.0 = Release|x64
		{9EA6D155-8952-418E-924A-465DDCAC5BA2}.Release|x86.ActiveCfg = Release|Win32
		{9EA6D155-8952-418E-924A-465DDCAC5BA2}.Release|x86.Build.0 = Release|Win32
		{2F6BAA22-5432-4C0B-883A-7124C63702EE}.Debug|x64.ActiveCfg = Debug|x64
		{2F6BAA22-5432-4C0B-883A-7124C63702EE}.Debug|x64.Build.0 = Debug|x64
		{2F6BAA22-5432-4C0B-883A-7124C63702EE}.Debug|x86.ActiveCfg = Debug|Win32
		{2F6BAA22-5432-4C0B-883A-7124C63702EE}.Debug|x86.Build.0 = Debug|Win32
		{2F6BAA22-5432-4C0B-883A-7124C63702EE}.Release|x64.ActiveCfg = Release|x64
		{2F6BAA22-5432-4C0B-883A-7124C63702EE}.Release|x64.Build.0 = Release|x64
		{2F6BAA22-5432-4C0B-883A-7124C63702EE}.Release|x86.ActiveCfg = Release|Win32
		{2F6BAA22-5432-4C0B-883A-7124C63702EE}.Release|x86.Build.0 = Release|Win32
		{D5826D83-9F4F-4BA2-B785-13C26C2E85AC}.Debug|x64.ActiveCfg = Debug|x64
		{D5826D83-9F4F-4BA2-B785-13C26C2E85AC}.Debug|x64.Build.0 = Debug|x64
		{D5826D83-9F4F-4BA2-B785-13C26C2E85AC}.Debug|x86.ActiveCfg = Debug|Win32
		{D5826D83-9F4F-4BA2-B785-13C26C2E85AC}.Debug|x86.Build.0 = Debug|Win32
		{D5826D83-9F4F-4BA2-B785-13C26C2E85AC}.Release|x64.ActiveCfg = Release|x64
		{D5826D83-9F4F-4BA2-B785-13C26C2E85AC}.Release|x64.Build.0 = Release|x64
		{D5826D83-9F4F-4BA2-B785-13C26C2E85AC}.Release|x86.ActiveCfg = Release|Win32
		{D5826D83-9F4F-4BA2-B785-13C26C2E85AC}.Release|x86.Build.0 = Release|Win32
		{B33AE3DA-4CD9-48A9-9378-B11562650F6F}.Debug|x64.ActiveCfg = Debug|x64
		{B33AE3DA-4CD9-48A9-9378-B11562650F6F}.Debug|x64.Build.0 = Debug|x64
		{B33AE3DA-4CD9-48A9-9378-B11562650F6F}.Debug|x86.ActiveCfg = Debug|Win32
		{B33AE3DA-4CD9-48A9-9378-B11562650F6F}.Debug|x86.Build.0 = Debug|Win32
		{B33AE3DA-4CD9-48A9-9378-B11562650F6F}.Release|x64.ActiveCfg = Release|x64
		{B33AE3DA-4CD9-48A9-9378-B11562650F6F}.Release|x64.Build.0 = Release|x64
		{B33AE3DA-4CD9-48A9-9378-B11562650F6F}.Release|x86.ActiveCfg = Release|Win32
		{B33AE3DA-4CD9-48A9-9378-B11562650F6F}.Release|x86.Build.0 = Release|Win32
		{0974E3F5-32E2-4F74-BF09-9D16C02B120C}.Debug|x64.ActiveCfg = Debug|x64
		{0974E3F5-32E2-4F74-BF09-9D16C02B120C}.Debug|x64.Build.0 = Debug|x64
		{0974E3F5-32E2-4F74-BF09-9D16C02B120C}.Debug|x86.ActiveCfg = Debug|Win32
		{0974E3F5-32E2-4F74-BF09-9D16C02B120C}.Debug|x86.Build.0 = Debug|Win32
		{0974E3F5-32E2-4F74-BF09-9D16C02B120C}.Release|x64.ActiveCfg = Release|x64
		{0974E3F5-32E2-4F74-BF09-9D16C02B120C}.Release|x64.Build.0 = Release|x64
		{0974E3F5-32E2-4F74-BF09-9D16C02B120C}.Release|x86.ActiveCfg = Release|Win32
		{0974E3F5-32E2-4F74-BF09-9D16C02B120C}.Release|x86.Build.0 = Release|Win32
		{81AE0DE2-C9AD-4CE7-A135-CDFE32517489}.Debug|x64.ActiveCfg = Debug|x64
		{81AE0DE2-C9AD-4CE7-A135-CDFE32517489}.Debug|x64.Build.0 = Debug|x64
		{81AE0DE2-C9AD-4CE7-A135-CDFE32517489}.Debug|x86.ActiveCfg = Debug|Win32
		{81AE0DE2-C9AD-4CE7-A135-CDFE32517489}.Debug|x86.Build.0 = Debug|Win32
		{81AE0DE2-C9AD-4CE7-A135-CDFE32517489}.Release|x64.ActiveCfg = Release|x64
		{81AE0DE2-C9AD-4CE7-A135-CDFE32517489}.Release|x64.Build.0 = Release|x64
		{81AE0DE2-C9AD-4CE7-A135-CDFE32517489}.Release|x86.ActiveCfg = Release|Win32
		{81AE0DE2-C9AD-4CE7-A135-CDFE32517489}.Release|x86.Build.0 = Release|Win32
		{42E83540-3390-43F0-BDF1-B05FB36C6FBF}.Debug|x64.ActiveCfg = Debug|x64
		{42E83540-3390-43F0-BDF1-B05FB36C6FBF}.Debug|x64.Build.0 = Debug|x64
		{42E83540-3390-43F0-BDF1-B05FB36C6FBF}.Debug|x86.ActiveCfg = Debug|Win32
		{42E83540-3390-43F0-BDF1-B05FB36C6FBF}.Debug|x86.Build.0 = Debug|Win32
		{42E83540-3390-43F0-BDF1-B05FB36C6FBF}.Release|x64.ActiveCfg = Release|x64
		{42E83540-3390-43F0-BDF1-B05FB36C6FBF}.Release|x64.Build.0 = Release|x64
		{42E83540-3390-43F0-BDF1-B05FB36C6FBF}.Release|x86.ActiveCfg = Release|Win32
		{42E83540-3390-43F0-BDF1-B05FB36C6FBF}.Release|x86.Build.0 = Release|Win32
		{9F627D17-1B57-49A9-9515-6A371A8C4176}.Debug|x64.ActiveCfg = Debug|x64
		{9F627D17-1B57-49A9-9515-6A371A8C4176}.Debug|x64.Build.0 = Debug|x64
		{9F627D17-1B57-49A9-9515-6A371A8C4176}.Debug|x86.ActiveCfg = Debug|Win32
		{9F627D17-1B57-49A9-9515-6A371A8C4176}.Debug|x86.Build.0 = Debug|Win32
		{9F627D17-1B57-49A9-9515-6A371A8C4176}.Release|x64.ActiveCfg = Release|x64
		{9F627D17-1B57-49A9-9515-6A371A8C4176}.Release|x64.Build.0 = Release|x64
		{9F627D17-1B57-49A9-9515-6A371A8C4176}.Release|x86.ActiveCfg = Release|Win32
		{9F627D17-1B57-49A9-9515-6A371A8C4176}.Release|x86.Build.0 = Release|Win32
		{4FA45B20-A9F8-499B-B428-BD620364B862}.Debug|x64.ActiveCfg = Debug|x64
		{4FA45B20-A9F8-499B-B428-BD620364B862}.Debug|x64.Build.0 = Debug|x64
		{4FA45B20-A9F8-499B-B428-BD620364B862}.Debug|x86.ActiveCfg = Debug|Win32
		{4FA45B20-A9F8-499B-B428-BD620364B862}.Debug|x86.Build.0 = Debug|Win32
		{4FA45B20-A9F8-499B-B428-BD620364B862}.Release|x64.ActiveCfg = Release|x64
		{4FA45B20-A9F8-499B-B428-BD620364B862}.Release|x64.Build.0 = Release|x64
		{4FA45B20-A9F8-499B-B428-BD620364B862}.Release|x86.ActiveCfg = Release|Win32
		{4FA45B20-A9F8-499B-B428-BD620364B862}.Release|x86.Build.0 = Release|Win32
		{AD8D7D49-E8AF-47EF-924B-42F4ED77AD7C}.Debug|x64.ActiveCfg = Debug|x64
		{AD8D7D49-E8AF-47EF-924B-42F4ED77AD7C}.Debug|x64.Build.0 = Debug|x64
		{AD8D7D49-E8AF-47EF-924B-42F4ED77AD7C}.Debug|x86.ActiveCfg = Debug|Win32
		{AD8D7D49-E8AF-47EF-924B-42F4ED77AD7C}.Debug|x86.Build.0 = Debug|Win32
		{AD8D7D49-E8AF-47EF-924B-42F4ED77AD7C}.Release|x64.ActiveCfg = Release|x64
		{AD8D7D49-E8AF-47EF-924B-42F4ED77AD7C}.Release|x64.Build.0 = Release|x64
		{AD8D7D49-E8AF-47EF-924B-42F4ED77AD7C}.Release|x86.ActiveCfg = Release|Win32
		{AD8D7D49-E8AF-47EF-924B-42F4ED77AD7C}.Release|x86.Build.0 = Release|Win32
	EndGlobalSection
	GlobalSection(SolutionProperties) = preSolution
		HideSolutionNode = FALSE
	EndGlobalSection
	GlobalSection(NestedProjects) = preSolution
		{1C6419E8-96A0-4BFD-B8B8-BE47A0C055B7} = {F18C1B02-5ED1-4D90-9C4B-08770F26C260}
		{C715AD3C-55DD-43FD-A845-70BC6B71CA81} = {F18C1B02-5ED1-4D90-9C4B-08770F26C260}
		{BC3BD462-306C-406A-81A3-B1A6B5C6CC10} = {F18C1B02-5ED1-4D90-9C4B-08770F26C260}
		{BB4FCEF2-73D1-47FC-9379-AF1E1815DF85} = {68825DF0-058C-4630-B5CA-5204BC359702}
		{C28A685E-8BB9-40BE-9B59-CF8F4895CA04} = {A691CAAF-BFA9-4F1B-AB53-E14191419062}
		{9812F42C-0901-43A5-87B6-906BCB9C19B3} = {900F76E2-14F2-4D02-ABEE-AE90258A7EA0}
		{B0B25437-B2F3-4647-8567-0A8E9A2C9185} = {4BE2647B-5DC0-4787-AC30-C8324D9F4418}
		{51CF93E9-77E5-487D-ADB3-61BAA0D2C493} = {4BE2647B-5DC0-4787-AC30-C8324D9F4418}
		{215F1C43-B3D5-4F0D-A4CD-8A8BC31BC97D} = {4BE2647B-5DC0-4787-AC30-C8324D9F4418}
		{B83363C9-AC40-4770-9A61-C03679B20C7D} = {4BE2647B-5DC0-4787-AC30-C8324D9F4418}
		{9EA6D155-8952-418E-924A-465DDCAC5BA2} = {4BE2647B-5DC0-4787-AC30-C8324D9F4418}
		{2F6BAA22-5432-4C0B-883A-7124C63702EE} = {4BE2647B-5DC0-4787-AC30-C8324D9F4418}
		{D5826D83-9F4F-4BA2-B785-13C26C2E85AC} = {4BE2647B-5DC0-4787-AC30-C8324D9F4418}
		{B33AE3DA-4CD9-48A9-9378-B11562650F6F} = {4BE2647B-5DC0-4787-AC30-C8324D9F4418}
		{0974E3F5-32E2-4F74-BF09-9D16C02B120C} = {900F76E2-14F2-4D02-ABEE-AE90258A7EA0}
		{81AE0DE2-C9AD-4CE7-A135-CDFE32517489} = {900F76E2-14F2-4D02-ABEE-AE90258A7EA0}
		{42E83540-3390-43F0-BDF1-B05FB36C6FBF} = {900F76E2-14F2-4D02-ABEE-AE90258A7EA0}
		{9F627D17-1B57-49A9-9515-6A371A8C4176} = {900F76E2-14F2-4D02-ABEE-AE90258A7EA0}
		{4FA45B20-A9F8-499B-B428-BD620364B862} = {900F76E2-14F2-4D02-ABEE-AE90258A7EA0}
		{AD8D7D49-E8AF-47EF-924B-42F4ED77AD7C} = {900F76E2-14F2-4D02-ABEE-AE90258A7EA0}
	EndGlobalSection
	GlobalSection(ExtensibilityGlobals) = postSolution
		SolutionGuid = {8417923F-3B4B-4B1F-A746-4AC7EECFE3E6}
	EndGlobalSection
EndGlobal
