<?xml version="1.0" encoding="utf-8"?>
<Project ToolsVersion="4.0" xmlns="http://schemas.microsoft.com/developer/msbuild/2003">
  <ItemGroup>
    <FxCompile Include="PixelShader.hlsl" />
    <FxCompile Include="VertexShader.hlsl" />
  </ItemGroup>
  <ItemGroup>
    <ClCompile Include="GETestWindow.cpp">
      <Filter>소스 파일</Filter>
    </ClCompile>
    <ClCompile Include="TDX2DObject.cpp">
      <Filter>소스 파일</Filter>
    </ClCompile>
    <ClCompile Include="Sample.cpp">
      <Filter>소스 파일</Filter>
    </ClCompile>
    <ClCompile Include="TShader.cpp">
      <Filter>소스 파일</Filter>
    </ClCompile>
    <ClCompile Include="TShaderManager.cpp">
      <Filter>소스 파일</Filter>
    </ClCompile>
    <ClCompile Include="TText.cpp">
      <Filter>소스 파일</Filter>
    </ClCompile>
    <ClCompile Include="TTextManager.cpp">
      <Filter>소스 파일</Filter>
    </ClCompile>
    <ClCompile Include="TTexture.cpp">
      <Filter>소스 파일</Filter>
    </ClCompile>
    <ClCompile Include="TTextureManager.cpp">
      <Filter>소스 파일</Filter>
    </ClCompile>
  </ItemGroup>
  <ItemGroup>
    <ClInclude Include="GETestWindow.h">
      <Filter>헤더 파일</Filter>
    </ClInclude>
    <ClInclude Include="TDX2DObject.h">
      <Filter>헤더 파일</Filter>
    </ClInclude>
    <ClInclude Include="TShader.h">
      <Filter>헤더 파일</Filter>
    </ClInclude>
    <ClInclude Include="TShaderManager.h">
      <Filter>헤더 파일</Filter>
    </ClInclude>
    <ClInclude Include="TText.h">
      <Filter>헤더 파일</Filter>
    </ClInclude>
    <ClInclude Include="TTextManager.h">
      <Filter>헤더 파일</Filter>
    </ClInclude>
    <ClInclude Include="TTexture.h">
      <Filter>헤더 파일</Filter>
    </ClInclude>
    <ClInclude Include="TTextureManager.h">
      <Filter>헤더 파일</Filter>
    </ClInclude>
  </ItemGroup>
  <ItemGroup>
    <Filter Include="소스 파일">
      <UniqueIdentifier>{864619ba-b7c7-4ebf-9a3b-9641d5ab16d8}</UniqueIdentifier>
    </Filter>
    <Filter Include="헤더 파일">
      <UniqueIdentifier>{a5188335-b452-4b03-8bac-83d1e835bfa0}</UniqueIdentifier>
    </Filter>
  </ItemGroup>
</Project>